// !$*UTF8*$!
{
	archiveVersion = 1;
	classes = {
	};
	objectVersion = 50;
	objects = {

/* Begin PBXBuildFile section */
		F242022D264C71A000E0CA97 /* AppDelegate.swift in Sources */ = {isa = PBXBuildFile; fileRef = F242022C264C71A000E0CA97 /* AppDelegate.swift */; };
		F2420233264C71A000E0CA97 /* GameScene.swift in Sources */ = {isa = PBXBuildFile; fileRef = F2420232264C71A000E0CA97 /* GameScene.swift */; };
		F2420235264C71A000E0CA97 /* GameViewController.swift in Sources */ = {isa = PBXBuildFile; fileRef = F2420234264C71A000E0CA97 /* GameViewController.swift */; };
		F2420238264C71A000E0CA97 /* Main.storyboard in Resources */ = {isa = PBXBuildFile; fileRef = F2420236264C71A000E0CA97 /* Main.storyboard */; };
		F242023A264C71A000E0CA97 /* Assets.xcassets in Resources */ = {isa = PBXBuildFile; fileRef = F2420239264C71A000E0CA97 /* Assets.xcassets */; };
		F2420242264C77AA00E0CA97 /* LaunchScreen.storyboard in Resources */ = {isa = PBXBuildFile; fileRef = F2420241264C77AA00E0CA97 /* LaunchScreen.storyboard */; };
		F2420244264D017500E0CA97 /* GameView.swift in Sources */ = {isa = PBXBuildFile; fileRef = F2420243264D017500E0CA97 /* GameView.swift */; };
		F2420246264D18F400E0CA97 /* PhysicsCategory.swift in Sources */ = {isa = PBXBuildFile; fileRef = F2420245264D18F400E0CA97 /* PhysicsCategory.swift */; };
		F2420248264D4F1E00E0CA97 /* spark.sks in Resources */ = {isa = PBXBuildFile; fileRef = F2420247264D4F1E00E0CA97 /* spark.sks */; };
		F242024A264EA50500E0CA97 /* StartScene.swift in Sources */ = {isa = PBXBuildFile; fileRef = F2420249264EA50500E0CA97 /* StartScene.swift */; };
		F242024D2651094700E0CA97 /* Spaceship.swift in Sources */ = {isa = PBXBuildFile; fileRef = F242024C2651094700E0CA97 /* Spaceship.swift */; };
		F242024F2651405200E0CA97 /* TaskGeneratorProtocol.swift in Sources */ = {isa = PBXBuildFile; fileRef = F242024E2651405200E0CA97 /* TaskGeneratorProtocol.swift */; };
		F2420251265141C900E0CA97 /* PlusTaskGenerator.swift in Sources */ = {isa = PBXBuildFile; fileRef = F2420250265141C900E0CA97 /* PlusTaskGenerator.swift */; };
		F24202532651BDBA00E0CA97 /* KeyboardType.swift in Sources */ = {isa = PBXBuildFile; fileRef = F24202522651BDBA00E0CA97 /* KeyboardType.swift */; };
		F24202552651BE6600E0CA97 /* KeyboardNode.swift in Sources */ = {isa = PBXBuildFile; fileRef = F24202542651BE6600E0CA97 /* KeyboardNode.swift */; };
/* End PBXBuildFile section */

/* Begin PBXFileReference section */
		F2420229264C71A000E0CA97 /* Numberoids.app */ = {isa = PBXFileReference; explicitFileType = wrapper.application; includeInIndex = 0; path = Numberoids.app; sourceTree = BUILT_PRODUCTS_DIR; };
		F242022C264C71A000E0CA97 /* AppDelegate.swift */ = {isa = PBXFileReference; lastKnownFileType = sourcecode.swift; path = AppDelegate.swift; sourceTree = "<group>"; };
		F2420232264C71A000E0CA97 /* GameScene.swift */ = {isa = PBXFileReference; lastKnownFileType = sourcecode.swift; path = GameScene.swift; sourceTree = "<group>"; };
		F2420234264C71A000E0CA97 /* GameViewController.swift */ = {isa = PBXFileReference; lastKnownFileType = sourcecode.swift; path = GameViewController.swift; sourceTree = "<group>"; };
		F2420237264C71A000E0CA97 /* Base */ = {isa = PBXFileReference; lastKnownFileType = file.storyboard; name = Base; path = Base.lproj/Main.storyboard; sourceTree = "<group>"; };
		F2420239264C71A000E0CA97 /* Assets.xcassets */ = {isa = PBXFileReference; lastKnownFileType = folder.assetcatalog; path = Assets.xcassets; sourceTree = "<group>"; };
		F242023B264C71A000E0CA97 /* Info.plist */ = {isa = PBXFileReference; lastKnownFileType = text.plist.xml; path = Info.plist; sourceTree = "<group>"; };
		F2420241264C77AA00E0CA97 /* LaunchScreen.storyboard */ = {isa = PBXFileReference; lastKnownFileType = file.storyboard; path = LaunchScreen.storyboard; sourceTree = "<group>"; };
		F2420243264D017500E0CA97 /* GameView.swift */ = {isa = PBXFileReference; lastKnownFileType = sourcecode.swift; path = GameView.swift; sourceTree = "<group>"; };
		F2420245264D18F400E0CA97 /* PhysicsCategory.swift */ = {isa = PBXFileReference; lastKnownFileType = sourcecode.swift; path = PhysicsCategory.swift; sourceTree = "<group>"; };
		F2420247264D4F1E00E0CA97 /* spark.sks */ = {isa = PBXFileReference; lastKnownFileType = file.sks; path = spark.sks; sourceTree = "<group>"; };
		F2420249264EA50500E0CA97 /* StartScene.swift */ = {isa = PBXFileReference; lastKnownFileType = sourcecode.swift; path = StartScene.swift; sourceTree = "<group>"; };
		F242024C2651094700E0CA97 /* Spaceship.swift */ = {isa = PBXFileReference; lastKnownFileType = sourcecode.swift; path = Spaceship.swift; sourceTree = "<group>"; };
		F242024E2651405200E0CA97 /* TaskGeneratorProtocol.swift */ = {isa = PBXFileReference; lastKnownFileType = sourcecode.swift; path = TaskGeneratorProtocol.swift; sourceTree = "<group>"; };
		F2420250265141C900E0CA97 /* PlusTaskGenerator.swift */ = {isa = PBXFileReference; lastKnownFileType = sourcecode.swift; path = PlusTaskGenerator.swift; sourceTree = "<group>"; };
		F24202522651BDBA00E0CA97 /* KeyboardType.swift */ = {isa = PBXFileReference; lastKnownFileType = sourcecode.swift; path = KeyboardType.swift; sourceTree = "<group>"; };
		F24202542651BE6600E0CA97 /* KeyboardNode.swift */ = {isa = PBXFileReference; lastKnownFileType = sourcecode.swift; path = KeyboardNode.swift; sourceTree = "<group>"; };
/* End PBXFileReference section */

/* Begin PBXFrameworksBuildPhase section */
		F2420226264C71A000E0CA97 /* Frameworks */ = {
			isa = PBXFrameworksBuildPhase;
			buildActionMask = 2147483647;
			files = (
			);
			runOnlyForDeploymentPostprocessing = 0;
		};
/* End PBXFrameworksBuildPhase section */

/* Begin PBXGroup section */
		F2420220264C71A000E0CA97 = {
			isa = PBXGroup;
			children = (
				F242022B264C71A000E0CA97 /* Numberoids */,
				F242022A264C71A000E0CA97 /* Products */,
			);
			sourceTree = "<group>";
		};
		F242022A264C71A000E0CA97 /* Products */ = {
			isa = PBXGroup;
			children = (
				F2420229264C71A000E0CA97 /* Numberoids.app */,
			);
			name = Products;
			sourceTree = "<group>";
		};
		F242022B264C71A000E0CA97 /* Numberoids */ = {
			isa = PBXGroup;
			children = (
				F242022C264C71A000E0CA97 /* AppDelegate.swift */,
				F2420249264EA50500E0CA97 /* StartScene.swift */,
				F2420245264D18F400E0CA97 /* PhysicsCategory.swift */,
				F242024B264EB13000E0CA97 /* Game */,
				F2420247264D4F1E00E0CA97 /* spark.sks */,
				F2420236264C71A000E0CA97 /* Main.storyboard */,
				F2420241264C77AA00E0CA97 /* LaunchScreen.storyboard */,
				F2420239264C71A000E0CA97 /* Assets.xcassets */,
				F242023B264C71A000E0CA97 /* Info.plist */,
			);
			path = Numberoids;
			sourceTree = "<group>";
		};
		F242024B264EB13000E0CA97 /* Game */ = {
			isa = PBXGroup;
			children = (
				F2420243264D017500E0CA97 /* GameView.swift */,
				F2420234264C71A000E0CA97 /* GameViewController.swift */,
				F2420232264C71A000E0CA97 /* GameScene.swift */,
				F24202542651BE6600E0CA97 /* KeyboardNode.swift */,
				F242024C2651094700E0CA97 /* Spaceship.swift */,
				F242024E2651405200E0CA97 /* TaskGeneratorProtocol.swift */,
				F2420250265141C900E0CA97 /* PlusTaskGenerator.swift */,
				F24202522651BDBA00E0CA97 /* KeyboardType.swift */,
			);
			path = Game;
			sourceTree = "<group>";
		};
/* End PBXGroup section */

/* Begin PBXNativeTarget section */
		F2420228264C71A000E0CA97 /* Numberoids */ = {
			isa = PBXNativeTarget;
			buildConfigurationList = F242023E264C71A000E0CA97 /* Build configuration list for PBXNativeTarget "Numberoids" */;
			buildPhases = (
				F2420225264C71A000E0CA97 /* Sources */,
				F2420226264C71A000E0CA97 /* Frameworks */,
				F2420227264C71A000E0CA97 /* Resources */,
			);
			buildRules = (
			);
			dependencies = (
			);
			name = Numberoids;
			productName = Numberoids;
			productReference = F2420229264C71A000E0CA97 /* Numberoids.app */;
			productType = "com.apple.product-type.application";
		};
/* End PBXNativeTarget section */

/* Begin PBXProject section */
		F2420221264C71A000E0CA97 /* Project object */ = {
			isa = PBXProject;
			attributes = {
				LastSwiftUpdateCheck = 1250;
				LastUpgradeCheck = 1250;
				TargetAttributes = {
					F2420228264C71A000E0CA97 = {
						CreatedOnToolsVersion = 12.5;
					};
				};
			};
			buildConfigurationList = F2420224264C71A000E0CA97 /* Build configuration list for PBXProject "Numberoids" */;
			compatibilityVersion = "Xcode 9.3";
			developmentRegion = en;
			hasScannedForEncodings = 0;
			knownRegions = (
				en,
				Base,
			);
			mainGroup = F2420220264C71A000E0CA97;
			productRefGroup = F242022A264C71A000E0CA97 /* Products */;
			projectDirPath = "";
			projectRoot = "";
			targets = (
				F2420228264C71A000E0CA97 /* Numberoids */,
			);
		};
/* End PBXProject section */

/* Begin PBXResourcesBuildPhase section */
		F2420227264C71A000E0CA97 /* Resources */ = {
			isa = PBXResourcesBuildPhase;
			buildActionMask = 2147483647;
			files = (
				F2420242264C77AA00E0CA97 /* LaunchScreen.storyboard in Resources */,
				F2420248264D4F1E00E0CA97 /* spark.sks in Resources */,
				F2420238264C71A000E0CA97 /* Main.storyboard in Resources */,
				F242023A264C71A000E0CA97 /* Assets.xcassets in Resources */,
			);
			runOnlyForDeploymentPostprocessing = 0;
		};
/* End PBXResourcesBuildPhase section */

/* Begin PBXSourcesBuildPhase section */
		F2420225264C71A000E0CA97 /* Sources */ = {
			isa = PBXSourcesBuildPhase;
			buildActionMask = 2147483647;
			files = (
				F2420233264C71A000E0CA97 /* GameScene.swift in Sources */,
				F242024A264EA50500E0CA97 /* StartScene.swift in Sources */,
				F2420251265141C900E0CA97 /* PlusTaskGenerator.swift in Sources */,
				F2420235264C71A000E0CA97 /* GameViewController.swift in Sources */,
				F242024F2651405200E0CA97 /* TaskGeneratorProtocol.swift in Sources */,
				F242024D2651094700E0CA97 /* Spaceship.swift in Sources */,
				F24202532651BDBA00E0CA97 /* KeyboardType.swift in Sources */,
				F24202552651BE6600E0CA97 /* KeyboardNode.swift in Sources */,
				F2420246264D18F400E0CA97 /* PhysicsCategory.swift in Sources */,
				F2420244264D017500E0CA97 /* GameView.swift in Sources */,
				F242022D264C71A000E0CA97 /* AppDelegate.swift in Sources */,
			);
			runOnlyForDeploymentPostprocessing = 0;
		};
/* End PBXSourcesBuildPhase section */

/* Begin PBXVariantGroup section */
		F2420236264C71A000E0CA97 /* Main.storyboard */ = {
			isa = PBXVariantGroup;
			children = (
				F2420237264C71A000E0CA97 /* Base */,
			);
			name = Main.storyboard;
			sourceTree = "<group>";
		};
/* End PBXVariantGroup section */

/* Begin XCBuildConfiguration section */
		F242023C264C71A000E0CA97 /* Debug */ = {
			isa = XCBuildConfiguration;
			buildSettings = {
				ALWAYS_SEARCH_USER_PATHS = NO;
				CLANG_ANALYZER_NONNULL = YES;
				CLANG_ANALYZER_NUMBER_OBJECT_CONVERSION = YES_AGGRESSIVE;
				CLANG_CXX_LANGUAGE_STANDARD = "gnu++14";
				CLANG_CXX_LIBRARY = "libc++";
				CLANG_ENABLE_MODULES = YES;
				CLANG_ENABLE_OBJC_ARC = YES;
				CLANG_ENABLE_OBJC_WEAK = YES;
				CLANG_WARN_BLOCK_CAPTURE_AUTORELEASING = YES;
				CLANG_WARN_BOOL_CONVERSION = YES;
				CLANG_WARN_COMMA = YES;
				CLANG_WARN_CONSTANT_CONVERSION = YES;
				CLANG_WARN_DEPRECATED_OBJC_IMPLEMENTATIONS = YES;
				CLANG_WARN_DIRECT_OBJC_ISA_USAGE = YES_ERROR;
				CLANG_WARN_DOCUMENTATION_COMMENTS = YES;
				CLANG_WARN_EMPTY_BODY = YES;
				CLANG_WARN_ENUM_CONVERSION = YES;
				CLANG_WARN_INFINITE_RECURSION = YES;
				CLANG_WARN_INT_CONVERSION = YES;
				CLANG_WARN_NON_LITERAL_NULL_CONVERSION = YES;
				CLANG_WARN_OBJC_IMPLICIT_RETAIN_SELF = YES;
				CLANG_WARN_OBJC_LITERAL_CONVERSION = YES;
				CLANG_WARN_OBJC_ROOT_CLASS = YES_ERROR;
				CLANG_WARN_QUOTED_INCLUDE_IN_FRAMEWORK_HEADER = YES;
				CLANG_WARN_RANGE_LOOP_ANALYSIS = YES;
				CLANG_WARN_STRICT_PROTOTYPES = YES;
				CLANG_WARN_SUSPICIOUS_MOVE = YES;
				CLANG_WARN_UNGUARDED_AVAILABILITY = YES_AGGRESSIVE;
				CLANG_WARN_UNREACHABLE_CODE = YES;
				CLANG_WARN__DUPLICATE_METHOD_MATCH = YES;
				COPY_PHASE_STRIP = NO;
				DEBUG_INFORMATION_FORMAT = dwarf;
				ENABLE_STRICT_OBJC_MSGSEND = YES;
				ENABLE_TESTABILITY = YES;
				GCC_C_LANGUAGE_STANDARD = gnu11;
				GCC_DYNAMIC_NO_PIC = NO;
				GCC_NO_COMMON_BLOCKS = YES;
				GCC_OPTIMIZATION_LEVEL = 0;
				GCC_PREPROCESSOR_DEFINITIONS = (
					"DEBUG=1",
					"$(inherited)",
				);
				GCC_WARN_64_TO_32_BIT_CONVERSION = YES;
				GCC_WARN_ABOUT_RETURN_TYPE = YES_ERROR;
				GCC_WARN_UNDECLARED_SELECTOR = YES;
				GCC_WARN_UNINITIALIZED_AUTOS = YES_AGGRESSIVE;
				GCC_WARN_UNUSED_FUNCTION = YES;
				GCC_WARN_UNUSED_VARIABLE = YES;
				IPHONEOS_DEPLOYMENT_TARGET = 14.5;
				MTL_ENABLE_DEBUG_INFO = INCLUDE_SOURCE;
				MTL_FAST_MATH = YES;
				ONLY_ACTIVE_ARCH = YES;
				SDKROOT = iphoneos;
				SWIFT_ACTIVE_COMPILATION_CONDITIONS = DEBUG;
				SWIFT_OPTIMIZATION_LEVEL = "-Onone";
			};
			name = Debug;
		};
		F242023D264C71A000E0CA97 /* Release */ = {
			isa = XCBuildConfiguration;
			buildSettings = {
				ALWAYS_SEARCH_USER_PATHS = NO;
				CLANG_ANALYZER_NONNULL = YES;
				CLANG_ANALYZER_NUMBER_OBJECT_CONVERSION = YES_AGGRESSIVE;
				CLANG_CXX_LANGUAGE_STANDARD = "gnu++14";
				CLANG_CXX_LIBRARY = "libc++";
				CLANG_ENABLE_MODULES = YES;
				CLANG_ENABLE_OBJC_ARC = YES;
				CLANG_ENABLE_OBJC_WEAK = YES;
				CLANG_WARN_BLOCK_CAPTURE_AUTORELEASING = YES;
				CLANG_WARN_BOOL_CONVERSION = YES;
				CLANG_WARN_COMMA = YES;
				CLANG_WARN_CONSTANT_CONVERSION = YES;
				CLANG_WARN_DEPRECATED_OBJC_IMPLEMENTATIONS = YES;
				CLANG_WARN_DIRECT_OBJC_ISA_USAGE = YES_ERROR;
				CLANG_WARN_DOCUMENTATION_COMMENTS = YES;
				CLANG_WARN_EMPTY_BODY = YES;
				CLANG_WARN_ENUM_CONVERSION = YES;
				CLANG_WARN_INFINITE_RECURSION = YES;
				CLANG_WARN_INT_CONVERSION = YES;
				CLANG_WARN_NON_LITERAL_NULL_CONVERSION = YES;
				CLANG_WARN_OBJC_IMPLICIT_RETAIN_SELF = YES;
				CLANG_WARN_OBJC_LITERAL_CONVERSION = YES;
				CLANG_WARN_OBJC_ROOT_CLASS = YES_ERROR;
				CLANG_WARN_QUOTED_INCLUDE_IN_FRAMEWORK_HEADER = YES;
				CLANG_WARN_RANGE_LOOP_ANALYSIS = YES;
				CLANG_WARN_STRICT_PROTOTYPES = YES;
				CLANG_WARN_SUSPICIOUS_MOVE = YES;
				CLANG_WARN_UNGUARDED_AVAILABILITY = YES_AGGRESSIVE;
				CLANG_WARN_UNREACHABLE_CODE = YES;
				CLANG_WARN__DUPLICATE_METHOD_MATCH = YES;
				COPY_PHASE_STRIP = NO;
				DEBUG_INFORMATION_FORMAT = "dwarf-with-dsym";
				ENABLE_NS_ASSERTIONS = NO;
				ENABLE_STRICT_OBJC_MSGSEND = YES;
				GCC_C_LANGUAGE_STANDARD = gnu11;
				GCC_NO_COMMON_BLOCKS = YES;
				GCC_WARN_64_TO_32_BIT_CONVERSION = YES;
				GCC_WARN_ABOUT_RETURN_TYPE = YES_ERROR;
				GCC_WARN_UNDECLARED_SELECTOR = YES;
				GCC_WARN_UNINITIALIZED_AUTOS = YES_AGGRESSIVE;
				GCC_WARN_UNUSED_FUNCTION = YES;
				GCC_WARN_UNUSED_VARIABLE = YES;
				IPHONEOS_DEPLOYMENT_TARGET = 14.5;
				MTL_ENABLE_DEBUG_INFO = NO;
				MTL_FAST_MATH = YES;
				SDKROOT = iphoneos;
				SWIFT_COMPILATION_MODE = wholemodule;
				SWIFT_OPTIMIZATION_LEVEL = "-O";
				VALIDATE_PRODUCT = YES;
			};
			name = Release;
		};
		F242023F264C71A000E0CA97 /* Debug */ = {
			isa = XCBuildConfiguration;
			buildSettings = {
				ASSETCATALOG_COMPILER_APPICON_NAME = AppIcon;
				ASSETCATALOG_COMPILER_GLOBAL_ACCENT_COLOR_NAME = AccentColor;
				CODE_SIGN_STYLE = Automatic;
				DEVELOPMENT_TEAM = Q6PD97MRX4;
				INFOPLIST_FILE = Numberoids/Info.plist;
				IPHONEOS_DEPLOYMENT_TARGET = 13.0;
				LD_RUNPATH_SEARCH_PATHS = (
					"$(inherited)",
					"@executable_path/Frameworks",
				);
				PRODUCT_BUNDLE_IDENTIFIER = de.dasdom.Numberoids;
				PRODUCT_NAME = "$(TARGET_NAME)";
				SWIFT_VERSION = 5.0;
				TARGETED_DEVICE_FAMILY = "1,2";
			};
			name = Debug;
		};
		F2420240264C71A000E0CA97 /* Release */ = {
			isa = XCBuildConfiguration;
			buildSettings = {
				ASSETCATALOG_COMPILER_APPICON_NAME = AppIcon;
				ASSETCATALOG_COMPILER_GLOBAL_ACCENT_COLOR_NAME = AccentColor;
				CODE_SIGN_STYLE = Automatic;
				DEVELOPMENT_TEAM = Q6PD97MRX4;
				INFOPLIST_FILE = Numberoids/Info.plist;
				IPHONEOS_DEPLOYMENT_TARGET = 13.0;
				LD_RUNPATH_SEARCH_PATHS = (
					"$(inherited)",
					"@executable_path/Frameworks",
				);
				PRODUCT_BUNDLE_IDENTIFIER = de.dasdom.Numberoids;
				PRODUCT_NAME = "$(TARGET_NAME)";
				SWIFT_VERSION = 5.0;
				TARGETED_DEVICE_FAMILY = "1,2";
			};
			name = Release;
		};
/* End XCBuildConfiguration section */

/* Begin XCConfigurationList section */
		F2420224264C71A000E0CA97 /* Build configuration list for PBXProject "Numberoids" */ = {
			isa = XCConfigurationList;
			buildConfigurations = (
				F242023C264C71A000E0CA97 /* Debug */,
				F242023D264C71A000E0CA97 /* Release */,
			);
			defaultConfigurationIsVisible = 0;
			defaultConfigurationName = Release;
		};
		F242023E264C71A000E0CA97 /* Build configuration list for PBXNativeTarget "Numberoids" */ = {
			isa = XCConfigurationList;
			buildConfigurations = (
				F242023F264C71A000E0CA97 /* Debug */,
				F2420240264C71A000E0CA97 /* Release */,
			);
			defaultConfigurationIsVisible = 0;
			defaultConfigurationName = Release;
		};
/* End XCConfigurationList section */
	};
	rootObject = F2420221264C71A000E0CA97 /* Project object */;
}
